
Microsoft Visual Studio Solution File, Format Version 12.00
# Visual Studio Version 17
VisualStudioVersion = 17.11.35312.102
MinimumVisualStudioVersion = 10.0.40219.1
Project("{9A19103F-16F7-4668-BE54-9A1E7A4F7556}") = "KoiFarmShop.Services", "KoiFarmShop.Services\KoiFarmShop.Services.csproj", "{9FCA9234-9DEC-4DC6-AC9B-E86D6BA9E93F}"
EndProject
Project("{9A19103F-16F7-4668-BE54-9A1E7A4F7556}") = "KoiFarmShop.Repositories", "KoiFarmShop.Repositories\KoiFarmShop.Repositories.csproj", "{A379A777-F605-4F86-96DA-CC080ED375FA}"
EndProject
Project("{9A19103F-16F7-4668-BE54-9A1E7A4F7556}") = "KoiFarmShop.WebApplication", "KoiFarmShop.WebApplication\KoiFarmShop.WebApplication.csproj", "{011B81B9-C692-4FD5-9D86-86F3073D241D}"
EndProject
Project("{FAE04EC0-301F-11D3-BF4B-00C04F79EFBC}") = "TestProject", "TestProject\TestProject.csproj", "{5BA29461-2A6B-442C-851F-8A8992A1C74E}"
EndProject
Global
	GlobalSection(SolutionConfigurationPlatforms) = preSolution
		Debug|Any CPU = Debug|Any CPU
		Release|Any CPU = Release|Any CPU
	EndGlobalSection
	GlobalSection(ProjectConfigurationPlatforms) = postSolution
		{9FCA9234-9DEC-4DC6-AC9B-E86D6BA9E93F}.Debug|Any CPU.ActiveCfg = Debug|Any CPU
		{9FCA9234-9DEC-4DC6-AC9B-E86D6BA9E93F}.Debug|Any CPU.Build.0 = Debug|Any CPU
		{9FCA9234-9DEC-4DC6-AC9B-E86D6BA9E93F}.Release|Any CPU.ActiveCfg = Release|Any CPU
		{9FCA9234-9DEC-4DC6-AC9B-E86D6BA9E93F}.Release|Any CPU.Build.0 = Release|Any CPU
		{A379A777-F605-4F86-96DA-CC080ED375FA}.Debug|Any CPU.ActiveCfg = Debug|Any CPU
		{A379A777-F605-4F86-96DA-CC080ED375FA}.Debug|Any CPU.Build.0 = Debug|Any CPU
		{A379A777-F605-4F86-96DA-CC080ED375FA}.Release|Any CPU.ActiveCfg = Release|Any CPU
		{A379A777-F605-4F86-96DA-CC080ED375FA}.Release|Any CPU.Build.0 = Release|Any CPU
		{011B81B9-C692-4FD5-9D86-86F3073D241D}.Debug|Any CPU.ActiveCfg = Debug|Any CPU
		{011B81B9-C692-4FD5-9D86-86F3073D241D}.Debug|Any CPU.Build.0 = Debug|Any CPU
		{011B81B9-C692-4FD5-9D86-86F3073D241D}.Release|Any CPU.ActiveCfg = Release|Any CPU
		{011B81B9-C692-4FD5-9D86-86F3073D241D}.Release|Any CPU.Build.0 = Release|Any CPU
		{5BA29461-2A6B-442C-851F-8A8992A1C74E}.Debug|Any CPU.ActiveCfg = Debug|Any CPU
		{5BA29461-2A6B-442C-851F-8A8992A1C74E}.Debug|Any CPU.Build.0 = Debug|Any CPU
		{5BA29461-2A6B-442C-851F-8A8992A1C74E}.Release|Any CPU.ActiveCfg = Release|Any CPU
		{5BA29461-2A6B-442C-851F-8A8992A1C74E}.Release|Any CPU.Build.0 = Release|Any CPU
	EndGlobalSection
	GlobalSection(SolutionProperties) = preSolution
		HideSolutionNode = FALSE
	EndGlobalSection
	GlobalSection(ExtensibilityGlobals) = postSolution
		SolutionGuid = {16AC67D8-E65C-4B07-B9F9-0461D7222D86}
		        SolutionGuid = {55034D79-0D74-45DD-B383-172337529DF3}
	EndGlobalSection
EndGlobal
